
Microsoft Visual Studio Solution File, Format Version 12.00
# Visual Studio Version 17
VisualStudioVersion = 17.3.32929.385
MinimumVisualStudioVersion = 10.0.40219.1
Project("{FAE04EC0-301F-11D3-BF4B-00C04F79EFBC}") = "ExactPatternMatching", "MATD\ExactPatternMatching.csproj", "{D21637E7-E256-4781-B822-B328E30DF7B7}"
EndProject
Project("{FAE04EC0-301F-11D3-BF4B-00C04F79EFBC}") = "ApproximatePatternMatching", "ApproximatePatternMatching\ApproximatePatternMatching.csproj", "{C972BD23-CA6E-49CB-9162-A5E4D5C82D85}"
EndProject
Global
	GlobalSection(SolutionConfigurationPlatforms) = preSolution
		Debug|Any CPU = Debug|Any CPU
		Release|Any CPU = Release|Any CPU
	EndGlobalSection
	GlobalSection(ProjectConfigurationPlatforms) = postSolution
		{D21637E7-E256-4781-B822-B328E30DF7B7}.Debug|Any CPU.ActiveCfg = Debug|Any CPU
		{D21637E7-E256-4781-B822-B328E30DF7B7}.Debug|Any CPU.Build.0 = Debug|Any CPU
		{D21637E7-E256-4781-B822-B328E30DF7B7}.Release|Any CPU.ActiveCfg = Release|Any CPU
		{D21637E7-E256-4781-B822-B328E30DF7B7}.Release|Any CPU.Build.0 = Release|Any CPU
		{C972BD23-CA6E-49CB-9162-A5E4D5C82D85}.Debug|Any CPU.ActiveCfg = Debug|Any CPU
		{C972BD23-CA6E-49CB-9162-A5E4D5C82D85}.Debug|Any CPU.Build.0 = Debug|Any CPU
		{C972BD23-CA6E-49CB-9162-A5E4D5C82D85}.Release|Any CPU.ActiveCfg = Release|Any CPU
		{C972BD23-CA6E-49CB-9162-A5E4D5C82D85}.Release|Any CPU.Build.0 = Release|Any CPU
	EndGlobalSection
	GlobalSection(SolutionProperties) = preSolution
		HideSolutionNode = FALSE
	EndGlobalSection
	GlobalSection(ExtensibilityGlobals) = postSolution
		SolutionGuid = {F913EB5C-0347-4ADA-92A8-8C138F26822E}
	EndGlobalSection
EndGlobal
